<?xml version="1.0" encoding="utf-8"?>
<Project ToolsVersion="4.0" xmlns="http://schemas.microsoft.com/developer/msbuild/2003">
  <ItemGroup>
    <Filter Include="Res">
      <UniqueIdentifier>{4FC737F1-C7A5-4376-A066-2A32D752A2FF}</UniqueIdentifier>
      <Extensions>cpp;c;cc;cxx;def;odl;idl;hpj;bat;asm;asmx</Extensions>
    </Filter>
    <Filter Include="Src">
      <UniqueIdentifier>{93995380-89BD-4b04-88EB-625FBE52EBFB}</UniqueIdentifier>
      <Extensions>h;hh;hpp;hxx;hm;inl;inc;ipp;xsd</Extensions>
    </Filter>
    <Filter Include="Res\Shaders">
      <UniqueIdentifier>{e8ebaeb8-267b-4673-b27d-a7a89cee45ec}</UniqueIdentifier>
    </Filter>
    <Filter Include="Res\Images">
      <UniqueIdentifier>{842add0b-5a02-4151-b3b1-5c776ba68d76}</UniqueIdentifier>
    </Filter>
    <Filter Include="Src\Scenes">
      <UniqueIdentifier>{a8646453-9e0a-4fa7-a6ba-a010227a3096}</UniqueIdentifier>
    </Filter>
    <Filter Include="Res\Fonts">
      <UniqueIdentifier>{d8c645ce-7e90-4d73-8acf-3cdb59db448d}</UniqueIdentifier>
    </Filter>
    <Filter Include="Src\json11">
      <UniqueIdentifier>{fc72a732-5487-45fa-a82f-3ffe3db27fbe}</UniqueIdentifier>
    </Filter>
    <Filter Include="Src\SkeletalMesh">
      <UniqueIdentifier>{b494fcce-37f9-49dc-99b9-710954c59949}</UniqueIdentifier>
    </Filter>
    <Filter Include="Res\Models">
      <UniqueIdentifier>{e4ea8529-1141-4782-aa8c-d3c8fd5fe8c4}</UniqueIdentifier>
    </Filter>
    <Filter Include="Src\Audio">
      <UniqueIdentifier>{cc75f5ab-4591-4003-bbec-b5aba15bede0}</UniqueIdentifier>
    </Filter>
  </ItemGroup>
  <ItemGroup>
    <ClCompile Include="Src\Main.cpp">
      <Filter>Src</Filter>
    </ClCompile>
    <ClCompile Include="Src\Scene.cpp">
      <Filter>Src</Filter>
    </ClCompile>
    <ClCompile Include="Src\GLFWEW.cpp">
      <Filter>Src</Filter>
    </ClCompile>
    <ClCompile Include="Src\BufferObject.cpp">
      <Filter>Src</Filter>
    </ClCompile>
    <ClCompile Include="Src\Texture.cpp">
      <Filter>Src</Filter>
    </ClCompile>
    <ClCompile Include="Src\Sprite.cpp">
      <Filter>Src</Filter>
    </ClCompile>
    <ClCompile Include="Src\Shader.cpp">
      <Filter>Src</Filter>
    </ClCompile>
    <ClCompile Include="Src\GameOverScene.cpp">
      <Filter>Src\Scenes</Filter>
    </ClCompile>
    <ClCompile Include="Src\MainGameScene.cpp">
      <Filter>Src\Scenes</Filter>
    </ClCompile>
    <ClCompile Include="Src\StatusScene.cpp">
      <Filter>Src\Scenes</Filter>
    </ClCompile>
    <ClCompile Include="Src\TitleScene.cpp">
      <Filter>Src\Scenes</Filter>
    </ClCompile>
    <ClCompile Include="Src\Font.cpp">
      <Filter>Src</Filter>
    </ClCompile>
    <ClCompile Include="Src\Mesh.cpp">
      <Filter>Src</Filter>
    </ClCompile>
    <ClCompile Include="Src\Terrain.cpp">
      <Filter>Src</Filter>
    </ClCompile>
    <ClCompile Include="Src\json11\json11.cpp">
      <Filter>Src\json11</Filter>
    </ClCompile>
    <ClCompile Include="Src\Actor.cpp">
      <Filter>Src</Filter>
    </ClCompile>
    <ClCompile Include="Src\Collision.cpp">
      <Filter>Src</Filter>
    </ClCompile>
    <ClCompile Include="Src\PlayerActor.cpp">
      <Filter>Src</Filter>
    </ClCompile>
    <ClCompile Include="Src\SkeletalMesh\SkeletalMesh.cpp">
      <Filter>Src\SkeletalMesh</Filter>
    </ClCompile>
    <ClCompile Include="Src\SkeletalMesh\SkeletalMeshActor.cpp">
      <Filter>Src\SkeletalMesh</Filter>
    </ClCompile>
    <ClCompile Include="Src\SkeletalMesh\UniformBuffer.cpp">
      <Filter>Src\SkeletalMesh</Filter>
    </ClCompile>
    <ClCompile Include="Src\Audio\Audio.cpp">
      <Filter>Src\Audio</Filter>
    </ClCompile>
    <ClCompile Include="Src\JizoActor.cpp">
      <Filter>Src</Filter>
    </ClCompile>
  </ItemGroup>
  <ItemGroup>
    <ClInclude Include="Src\Scene.h">
      <Filter>Src</Filter>
    </ClInclude>
    <ClInclude Include="Src\GamePad.h">
      <Filter>Src</Filter>
    </ClInclude>
    <ClInclude Include="Src\GLFWEW.h">
      <Filter>Src</Filter>
    </ClInclude>
    <ClInclude Include="Src\BufferObject.h">
      <Filter>Src</Filter>
    </ClInclude>
    <ClInclude Include="Src\Texture.h">
      <Filter>Src</Filter>
    </ClInclude>
    <ClInclude Include="Src\Geometry.h">
      <Filter>Src</Filter>
    </ClInclude>
    <ClInclude Include="Src\Sprite.h">
      <Filter>Src</Filter>
    </ClInclude>
    <ClInclude Include="Src\Shader.h">
      <Filter>Src</Filter>
    </ClInclude>
    <ClInclude Include="Src\GameOverScene.h">
      <Filter>Src\Scenes</Filter>
    </ClInclude>
    <ClInclude Include="Src\MainGameScene.h">
      <Filter>Src\Scenes</Filter>
    </ClInclude>
    <ClInclude Include="Src\StatusScene.h">
      <Filter>Src\Scenes</Filter>
    </ClInclude>
    <ClInclude Include="Src\TitleScene.h">
      <Filter>Src\Scenes</Filter>
    </ClInclude>
    <ClInclude Include="Src\Font.h">
      <Filter>Src</Filter>
    </ClInclude>
    <ClInclude Include="Src\Mesh.h">
      <Filter>Src</Filter>
    </ClInclude>
    <ClInclude Include="Src\Terrain.h">
      <Filter>Src</Filter>
    </ClInclude>
    <ClInclude Include="Src\json11\json11.hpp">
      <Filter>Src\json11</Filter>
    </ClInclude>
    <ClInclude Include="Src\Actor.h">
      <Filter>Src</Filter>
    </ClInclude>
    <ClInclude Include="Src\Collision.h">
      <Filter>Src</Filter>
    </ClInclude>
    <ClInclude Include="Src\PlayerActor.h">
      <Filter>Src</Filter>
    </ClInclude>
    <ClInclude Include="Src\SkeletalMesh\SkeletalMesh.h">
      <Filter>Src\SkeletalMesh</Filter>
    </ClInclude>
    <ClInclude Include="Src\SkeletalMesh\SkeletalMeshActor.h">
      <Filter>Src\SkeletalMesh</Filter>
    </ClInclude>
    <ClInclude Include="Src\SkeletalMesh\UniformBuffer.h">
      <Filter>Src\SkeletalMesh</Filter>
    </ClInclude>
    <ClInclude Include="Src\Audio\Audio.h">
      <Filter>Src\Audio</Filter>
    </ClInclude>
    <ClInclude Include="Src\JizoActor.h">
      <Filter>Src</Filter>
    </ClInclude>
  </ItemGroup>
  <ItemGroup>
    <None Include="packages.config" />
    <None Include="Res\Shaders\Sprite.vert">
      <Filter>Res\Shaders</Filter>
    </None>
    <None Include="Res\Shaders\Sprite.frag">
      <Filter>Res\Shaders</Filter>
    </None>
    <None Include="Res\fonts\font.fnt">
      <Filter>Res\Fonts</Filter>
    </None>
    <None Include="Res\Shaders\StaticMesh.vert">
      <Filter>Res\Shaders</Filter>
    </None>
    <None Include="Res\Shaders\StaticMesh.frag">
      <Filter>Res\Shaders</Filter>
    </None>
    <None Include="Res\Shaders\SkeletalMesh.frag">
      <Filter>Res\Shaders</Filter>
    </None>
    <None Include="Res\Shaders\SkeletalMesh.vert">
      <Filter>Res\Shaders</Filter>
    </None>
    <None Include="Res\Models\oni_small.gltf">
      <Filter>Res\Models</Filter>
    </None>
  </ItemGroup>
  <ItemGroup>
    <Image Include="Res\Images\TitleBg.tga">
      <Filter>Res\Images</Filter>
    </Image>
    <Image Include="Res\fonts\font_0.tga">
      <Filter>Res\Fonts</Filter>
    </Image>
    <Image Include="Res\Images\Terrain00.tga">
      <Filter>Res\Images</Filter>
    </Image>
    <Image Include="Res\Images\whiteTerrain.tga">
      <Filter>Res\Images</Filter>
    </Image>
  </ItemGroup>
</Project>